
Microsoft Visual Studio Solution File, Format Version 12.00
# Visual Studio 14
VisualStudioVersion = 14.0.25420.1
MinimumVisualStudioVersion = 10.0.40219.1
Project("{2150E333-8FDC-42A3-9474-1A3956D46DE8}") = "HelloMEF", "HelloMEF", "{12756345-1C49-410F-87EF-AE26F23D717D}"
EndProject
Project("{FAE04EC0-301F-11D3-BF4B-00C04F79EFBC}") = "Main_Program", "HelloMEF\Main_Program\Main_Program.csproj", "{7407A6A3-D35F-483A-B442-7DE0F808E781}"
EndProject
Project("{FAE04EC0-301F-11D3-BF4B-00C04F79EFBC}") = "MEF_Interface", "HelloMEF\MEF_Interface\MEF_Interface.csproj", "{59CF7EC4-AE2A-458C-A363-87EA45AF088A}"
EndProject
Project("{FAE04EC0-301F-11D3-BF4B-00C04F79EFBC}") = "MyTool_1", "HelloMEF\MyTool_1\MyTool_1.csproj", "{0D252A1C-744B-4553-A87B-87325B0F1D51}"
EndProject
Project("{2150E333-8FDC-42A3-9474-1A3956D46DE8}") = "程序内组件", "程序内组件", "{24FFEB27-C2CF-4199-97DD-834AC0D9FC84}"
EndProject
Project("{FAE04EC0-301F-11D3-BF4B-00C04F79EFBC}") = "字符串匹配组件", "程序内组件\字符串匹配组件\字符串匹配组件.csproj", "{96DF7427-7CF3-4BD3-955E-78CEAED4A6DC}"
EndProject
Project("{FAE04EC0-301F-11D3-BF4B-00C04F79EFBC}") = "字符串匹配多个同名同类型组件", "程序内组件\字符串匹配多个同名同类型组件\字符串匹配多个同名同类型组件.csproj", "{7EC9214C-00C1-4D04-8A9E-AE028C903527}"
EndProject
Project("{FAE04EC0-301F-11D3-BF4B-00C04F79EFBC}") = "类型匹配组件", "程序内组件\类型匹配组件\类型匹配组件.csproj", "{1F6D10A2-19DF-4B84-988B-456A25D1662F}"
EndProject
Project("{FAE04EC0-301F-11D3-BF4B-00C04F79EFBC}") = "类型匹配组件集合", "程序内组件\类型匹配组件集合\类型匹配组件集合.csproj", "{ECD0636A-7E10-4F28-ABAD-3219836070B1}"
EndProject
Project("{FAE04EC0-301F-11D3-BF4B-00C04F79EFBC}") = "传递内容", "程序内组件\传递内容\传递内容.csproj", "{7D43ECA4-81A3-4675-AC93-2125A5282D8F}"
EndProject
Project("{2150E333-8FDC-42A3-9474-1A3956D46DE8}") = "延迟加载", "延迟加载", "{A1667106-C289-4064-8AC2-F67417AF8478}"
EndProject
Project("{FAE04EC0-301F-11D3-BF4B-00C04F79EFBC}") = "简单的延迟加载", "延迟加载\简单的延迟加载\简单的延迟加载.csproj", "{85D71981-2C66-47B1-B6DB-F4C9423B7A27}"
EndProject
Project("{FAE04EC0-301F-11D3-BF4B-00C04F79EFBC}") = "多组件延迟加载_2", "延迟加载\多组件延迟加载_2\多组件延迟加载_2.csproj", "{BB5918F7-7417-40D8-9479-35ED28E92D81}"
EndProject
Project("{FAE04EC0-301F-11D3-BF4B-00C04F79EFBC}") = "多组件延迟加载_1", "延迟加载\多组件延迟加载_1\多组件延迟加载_1.csproj", "{24AAB143-2B04-456F-96B1-9B99148F2978}"
EndProject
Project("{2150E333-8FDC-42A3-9474-1A3956D46DE8}") = "程序外组件", "程序外组件", "{414A6247-6CD6-4213-843B-621B2ECF9B69}"
EndProject
Project("{FAE04EC0-301F-11D3-BF4B-00C04F79EFBC}") = "Main", "程序外组件\Main\Main.csproj", "{A0E8779E-35DF-456E-A446-B143D13F709D}"
EndProject
Project("{FAE04EC0-301F-11D3-BF4B-00C04F79EFBC}") = "MEF_Interface", "程序外组件\MEF_Interface\MEF_Interface.csproj", "{4A904E27-2B9B-4026-A535-DBDD994FB8FD}"
EndProject
Project("{FAE04EC0-301F-11D3-BF4B-00C04F79EFBC}") = "MEF_Plugin", "程序外组件\MEF_Plugin\MEF_Plugin.csproj", "{D9DFFA4D-BF77-47AC-8F6B-4CEBD880A374}"
EndProject
Global
	GlobalSection(SolutionConfigurationPlatforms) = preSolution
		Debug|Any CPU = Debug|Any CPU
		Release|Any CPU = Release|Any CPU
	EndGlobalSection
	GlobalSection(ProjectConfigurationPlatforms) = postSolution
		{7407A6A3-D35F-483A-B442-7DE0F808E781}.Debug|Any CPU.ActiveCfg = Debug|Any CPU
		{7407A6A3-D35F-483A-B442-7DE0F808E781}.Debug|Any CPU.Build.0 = Debug|Any CPU
		{7407A6A3-D35F-483A-B442-7DE0F808E781}.Release|Any CPU.ActiveCfg = Release|Any CPU
		{7407A6A3-D35F-483A-B442-7DE0F808E781}.Release|Any CPU.Build.0 = Release|Any CPU
		{59CF7EC4-AE2A-458C-A363-87EA45AF088A}.Debug|Any CPU.ActiveCfg = Debug|Any CPU
		{59CF7EC4-AE2A-458C-A363-87EA45AF088A}.Debug|Any CPU.Build.0 = Debug|Any CPU
		{59CF7EC4-AE2A-458C-A363-87EA45AF088A}.Release|Any CPU.ActiveCfg = Release|Any CPU
		{59CF7EC4-AE2A-458C-A363-87EA45AF088A}.Release|Any CPU.Build.0 = Release|Any CPU
		{0D252A1C-744B-4553-A87B-87325B0F1D51}.Debug|Any CPU.ActiveCfg = Debug|Any CPU
		{0D252A1C-744B-4553-A87B-87325B0F1D51}.Debug|Any CPU.Build.0 = Debug|Any CPU
		{0D252A1C-744B-4553-A87B-87325B0F1D51}.Release|Any CPU.ActiveCfg = Release|Any CPU
		{0D252A1C-744B-4553-A87B-87325B0F1D51}.Release|Any CPU.Build.0 = Release|Any CPU
		{96DF7427-7CF3-4BD3-955E-78CEAED4A6DC}.Debug|Any CPU.ActiveCfg = Debug|Any CPU
		{96DF7427-7CF3-4BD3-955E-78CEAED4A6DC}.Debug|Any CPU.Build.0 = Debug|Any CPU
		{96DF7427-7CF3-4BD3-955E-78CEAED4A6DC}.Release|Any CPU.ActiveCfg = Release|Any CPU
		{96DF7427-7CF3-4BD3-955E-78CEAED4A6DC}.Release|Any CPU.Build.0 = Release|Any CPU
		{7EC9214C-00C1-4D04-8A9E-AE028C903527}.Debug|Any CPU.ActiveCfg = Debug|Any CPU
		{7EC9214C-00C1-4D04-8A9E-AE028C903527}.Debug|Any CPU.Build.0 = Debug|Any CPU
		{7EC9214C-00C1-4D04-8A9E-AE028C903527}.Release|Any CPU.ActiveCfg = Release|Any CPU
		{7EC9214C-00C1-4D04-8A9E-AE028C903527}.Release|Any CPU.Build.0 = Release|Any CPU
		{1F6D10A2-19DF-4B84-988B-456A25D1662F}.Debug|Any CPU.ActiveCfg = Debug|Any CPU
		{1F6D10A2-19DF-4B84-988B-456A25D1662F}.Debug|Any CPU.Build.0 = Debug|Any CPU
		{1F6D10A2-19DF-4B84-988B-456A25D1662F}.Release|Any CPU.ActiveCfg = Release|Any CPU
		{1F6D10A2-19DF-4B84-988B-456A25D1662F}.Release|Any CPU.Build.0 = Release|Any CPU
		{ECD0636A-7E10-4F28-ABAD-3219836070B1}.Debug|Any CPU.ActiveCfg = Debug|Any CPU
		{ECD0636A-7E10-4F28-ABAD-3219836070B1}.Debug|Any CPU.Build.0 = Debug|Any CPU
		{ECD0636A-7E10-4F28-ABAD-3219836070B1}.Release|Any CPU.ActiveCfg = Release|Any CPU
		{ECD0636A-7E10-4F28-ABAD-3219836070B1}.Release|Any CPU.Build.0 = Release|Any CPU
		{7D43ECA4-81A3-4675-AC93-2125A5282D8F}.Debug|Any CPU.ActiveCfg = Debug|Any CPU
		{7D43ECA4-81A3-4675-AC93-2125A5282D8F}.Debug|Any CPU.Build.0 = Debug|Any CPU
		{7D43ECA4-81A3-4675-AC93-2125A5282D8F}.Release|Any CPU.ActiveCfg = Release|Any CPU
		{7D43ECA4-81A3-4675-AC93-2125A5282D8F}.Release|Any CPU.Build.0 = Release|Any CPU
		{85D71981-2C66-47B1-B6DB-F4C9423B7A27}.Debug|Any CPU.ActiveCfg = Debug|Any CPU
		{85D71981-2C66-47B1-B6DB-F4C9423B7A27}.Debug|Any CPU.Build.0 = Debug|Any CPU
		{85D71981-2C66-47B1-B6DB-F4C9423B7A27}.Release|Any CPU.ActiveCfg = Release|Any CPU
		{85D71981-2C66-47B1-B6DB-F4C9423B7A27}.Release|Any CPU.Build.0 = Release|Any CPU
		{BB5918F7-7417-40D8-9479-35ED28E92D81}.Debug|Any CPU.ActiveCfg = Debug|Any CPU
		{BB5918F7-7417-40D8-9479-35ED28E92D81}.Debug|Any CPU.Build.0 = Debug|Any CPU
		{BB5918F7-7417-40D8-9479-35ED28E92D81}.Release|Any CPU.ActiveCfg = Release|Any CPU
		{BB5918F7-7417-40D8-9479-35ED28E92D81}.Release|Any CPU.Build.0 = Release|Any CPU
		{24AAB143-2B04-456F-96B1-9B99148F2978}.Debug|Any CPU.ActiveCfg = Debug|Any CPU
		{24AAB143-2B04-456F-96B1-9B99148F2978}.Debug|Any CPU.Build.0 = Debug|Any CPU
		{24AAB143-2B04-456F-96B1-9B99148F2978}.Release|Any CPU.ActiveCfg = Release|Any CPU
		{24AAB143-2B04-456F-96B1-9B99148F2978}.Release|Any CPU.Build.0 = Release|Any CPU
		{A0E8779E-35DF-456E-A446-B143D13F709D}.Debug|Any CPU.ActiveCfg = Debug|Any CPU
		{A0E8779E-35DF-456E-A446-B143D13F709D}.Debug|Any CPU.Build.0 = Debug|Any CPU
		{A0E8779E-35DF-456E-A446-B143D13F709D}.Release|Any CPU.ActiveCfg = Release|Any CPU
		{A0E8779E-35DF-456E-A446-B143D13F709D}.Release|Any CPU.Build.0 = Release|Any CPU
		{4A904E27-2B9B-4026-A535-DBDD994FB8FD}.Debug|Any CPU.ActiveCfg = Debug|Any CPU
		{4A904E27-2B9B-4026-A535-DBDD994FB8FD}.Debug|Any CPU.Build.0 = Debug|Any CPU
		{4A904E27-2B9B-4026-A535-DBDD994FB8FD}.Release|Any CPU.ActiveCfg = Release|Any CPU
		{4A904E27-2B9B-4026-A535-DBDD994FB8FD}.Release|Any CPU.Build.0 = Release|Any CPU
		{D9DFFA4D-BF77-47AC-8F6B-4CEBD880A374}.Debug|Any CPU.ActiveCfg = Debug|Any CPU
		{D9DFFA4D-BF77-47AC-8F6B-4CEBD880A374}.Debug|Any CPU.Build.0 = Debug|Any CPU
		{D9DFFA4D-BF77-47AC-8F6B-4CEBD880A374}.Release|Any CPU.ActiveCfg = Release|Any CPU
		{D9DFFA4D-BF77-47AC-8F6B-4CEBD880A374}.Release|Any CPU.Build.0 = Release|Any CPU
	EndGlobalSection
	GlobalSection(SolutionProperties) = preSolution
		HideSolutionNode = FALSE
	EndGlobalSection
	GlobalSection(NestedProjects) = preSolution
		{7407A6A3-D35F-483A-B442-7DE0F808E781} = {12756345-1C49-410F-87EF-AE26F23D717D}
		{59CF7EC4-AE2A-458C-A363-87EA45AF088A} = {12756345-1C49-410F-87EF-AE26F23D717D}
		{0D252A1C-744B-4553-A87B-87325B0F1D51} = {12756345-1C49-410F-87EF-AE26F23D717D}
		{96DF7427-7CF3-4BD3-955E-78CEAED4A6DC} = {24FFEB27-C2CF-4199-97DD-834AC0D9FC84}
		{7EC9214C-00C1-4D04-8A9E-AE028C903527} = {24FFEB27-C2CF-4199-97DD-834AC0D9FC84}
		{1F6D10A2-19DF-4B84-988B-456A25D1662F} = {24FFEB27-C2CF-4199-97DD-834AC0D9FC84}
		{ECD0636A-7E10-4F28-ABAD-3219836070B1} = {24FFEB27-C2CF-4199-97DD-834AC0D9FC84}
		{7D43ECA4-81A3-4675-AC93-2125A5282D8F} = {24FFEB27-C2CF-4199-97DD-834AC0D9FC84}
		{85D71981-2C66-47B1-B6DB-F4C9423B7A27} = {A1667106-C289-4064-8AC2-F67417AF8478}
		{BB5918F7-7417-40D8-9479-35ED28E92D81} = {A1667106-C289-4064-8AC2-F67417AF8478}
		{24AAB143-2B04-456F-96B1-9B99148F2978} = {A1667106-C289-4064-8AC2-F67417AF8478}
		{A0E8779E-35DF-456E-A446-B143D13F709D} = {414A6247-6CD6-4213-843B-621B2ECF9B69}
		{4A904E27-2B9B-4026-A535-DBDD994FB8FD} = {414A6247-6CD6-4213-843B-621B2ECF9B69}
		{D9DFFA4D-BF77-47AC-8F6B-4CEBD880A374} = {414A6247-6CD6-4213-843B-621B2ECF9B69}
	EndGlobalSection
EndGlobal
